// !$*UTF8*$!
{
	archiveVersion = 1;
	classes = {
	};
	objectVersion = 56;
	objects = {

/* Begin PBXBuildFile section */
		A83DE5202B0DCBE1005C8E52 /* AppDelegate.swift in Sources */ = {isa = PBXBuildFile; fileRef = A83DE51F2B0DCBE1005C8E52 /* AppDelegate.swift */; };
		A83DE5222B0DCBE1005C8E52 /* SceneDelegate.swift in Sources */ = {isa = PBXBuildFile; fileRef = A83DE5212B0DCBE1005C8E52 /* SceneDelegate.swift */; };
		A83DE5242B0DCBE1005C8E52 /* ConversationViewController.swift in Sources */ = {isa = PBXBuildFile; fileRef = A83DE5232B0DCBE1005C8E52 /* ConversationViewController.swift */; };
		A83DE5272B0DCBE1005C8E52 /* Main.storyboard in Resources */ = {isa = PBXBuildFile; fileRef = A83DE5252B0DCBE1005C8E52 /* Main.storyboard */; };
		A83DE5292B0DCBE3005C8E52 /* Assets.xcassets in Resources */ = {isa = PBXBuildFile; fileRef = A83DE5282B0DCBE3005C8E52 /* Assets.xcassets */; };
		A83DE52C2B0DCBE3005C8E52 /* LaunchScreen.storyboard in Resources */ = {isa = PBXBuildFile; fileRef = A83DE52A2B0DCBE3005C8E52 /* LaunchScreen.storyboard */; };
		A83DE53A2B0DCE43005C8E52 /* LoginViewController.swift in Sources */ = {isa = PBXBuildFile; fileRef = A83DE5392B0DCE43005C8E52 /* LoginViewController.swift */; };
		A83DE53C2B0DCE50005C8E52 /* RegisterViewController.swift in Sources */ = {isa = PBXBuildFile; fileRef = A83DE53B2B0DCE50005C8E52 /* RegisterViewController.swift */; };
		A83DE53E2B0DCE79005C8E52 /* PhotoViewerViewController.swift in Sources */ = {isa = PBXBuildFile; fileRef = A83DE53D2B0DCE79005C8E52 /* PhotoViewerViewController.swift */; };
		A83DE5402B0DCE87005C8E52 /* VideoPlayerViewController.swift in Sources */ = {isa = PBXBuildFile; fileRef = A83DE53F2B0DCE87005C8E52 /* VideoPlayerViewController.swift */; };
		A83DE5422B0DCEAF005C8E52 /* NewConversationViewController.swift in Sources */ = {isa = PBXBuildFile; fileRef = A83DE5412B0DCEAF005C8E52 /* NewConversationViewController.swift */; };
		A83DE5442B0DCEDA005C8E52 /* ProfileViewController.swift in Sources */ = {isa = PBXBuildFile; fileRef = A83DE5432B0DCEDA005C8E52 /* ProfileViewController.swift */; };
		A83DE5472B0E1A7F005C8E52 /* Extension.swift in Sources */ = {isa = PBXBuildFile; fileRef = A83DE5462B0E1A7F005C8E52 /* Extension.swift */; };
		A83DE5492B0F7190005C8E52 /* GoogleService-Info.plist in Resources */ = {isa = PBXBuildFile; fileRef = A83DE5482B0F7190005C8E52 /* GoogleService-Info.plist */; };
		A83DE54B2B0F7BD5005C8E52 /* DatabaseManager.swift in Sources */ = {isa = PBXBuildFile; fileRef = A83DE54A2B0F7BD5005C8E52 /* DatabaseManager.swift */; };
		A8B178912B1A1C0F006DA2AE /* ConversationTableViewCell.swift in Sources */ = {isa = PBXBuildFile; fileRef = A8B178902B1A1C0F006DA2AE /* ConversationTableViewCell.swift */; };
		A8B18C122B172C3000899F77 /* ChatViewController.swift in Sources */ = {isa = PBXBuildFile; fileRef = A8B18C112B172C3000899F77 /* ChatViewController.swift */; };
		A8B18C142B17921100899F77 /* StorageManager.swift in Sources */ = {isa = PBXBuildFile; fileRef = A8B18C132B17921100899F77 /* StorageManager.swift */; };
		EB2F87139FF4FB01EA6B672D /* Pods_Messenger.framework in Frameworks */ = {isa = PBXBuildFile; fileRef = F8FBE48B5E12138ACED13524 /* Pods_Messenger.framework */; };
/* End PBXBuildFile section */

/* Begin PBXFileReference section */
		2E6A2B741186FE3C5EFEDF60 /* Pods-Messenger.debug.xcconfig */ = {isa = PBXFileReference; includeInIndex = 1; lastKnownFileType = text.xcconfig; name = "Pods-Messenger.debug.xcconfig"; path = "Target Support Files/Pods-Messenger/Pods-Messenger.debug.xcconfig"; sourceTree = "<group>"; };
		3F462E1F5C6D50D26B34849C /* Pods-Messenger.release.xcconfig */ = {isa = PBXFileReference; includeInIndex = 1; lastKnownFileType = text.xcconfig; name = "Pods-Messenger.release.xcconfig"; path = "Target Support Files/Pods-Messenger/Pods-Messenger.release.xcconfig"; sourceTree = "<group>"; };
		A83DE51C2B0DCBE1005C8E52 /* Messenger.app */ = {isa = PBXFileReference; explicitFileType = wrapper.application; includeInIndex = 0; path = Messenger.app; sourceTree = BUILT_PRODUCTS_DIR; };
		A83DE51F2B0DCBE1005C8E52 /* AppDelegate.swift */ = {isa = PBXFileReference; lastKnownFileType = sourcecode.swift; path = AppDelegate.swift; sourceTree = "<group>"; };
		A83DE5212B0DCBE1005C8E52 /* SceneDelegate.swift */ = {isa = PBXFileReference; lastKnownFileType = sourcecode.swift; path = SceneDelegate.swift; sourceTree = "<group>"; };
		A83DE5232B0DCBE1005C8E52 /* ConversationViewController.swift */ = {isa = PBXFileReference; lastKnownFileType = sourcecode.swift; path = ConversationViewController.swift; sourceTree = "<group>"; };
		A83DE5262B0DCBE1005C8E52 /* Base */ = {isa = PBXFileReference; lastKnownFileType = file.storyboard; name = Base; path = Base.lproj/Main.storyboard; sourceTree = "<group>"; };
		A83DE5282B0DCBE3005C8E52 /* Assets.xcassets */ = {isa = PBXFileReference; lastKnownFileType = folder.assetcatalog; path = Assets.xcassets; sourceTree = "<group>"; };
		A83DE52B2B0DCBE3005C8E52 /* Base */ = {isa = PBXFileReference; lastKnownFileType = file.storyboard; name = Base; path = Base.lproj/LaunchScreen.storyboard; sourceTree = "<group>"; };
		A83DE52D2B0DCBE3005C8E52 /* Info.plist */ = {isa = PBXFileReference; lastKnownFileType = text.plist.xml; path = Info.plist; sourceTree = "<group>"; };
		A83DE5392B0DCE43005C8E52 /* LoginViewController.swift */ = {isa = PBXFileReference; lastKnownFileType = sourcecode.swift; path = LoginViewController.swift; sourceTree = "<group>"; };
		A83DE53B2B0DCE50005C8E52 /* RegisterViewController.swift */ = {isa = PBXFileReference; lastKnownFileType = sourcecode.swift; path = RegisterViewController.swift; sourceTree = "<group>"; };
		A83DE53D2B0DCE79005C8E52 /* PhotoViewerViewController.swift */ = {isa = PBXFileReference; lastKnownFileType = sourcecode.swift; path = PhotoViewerViewController.swift; sourceTree = "<group>"; };
		A83DE53F2B0DCE87005C8E52 /* VideoPlayerViewController.swift */ = {isa = PBXFileReference; lastKnownFileType = sourcecode.swift; path = VideoPlayerViewController.swift; sourceTree = "<group>"; };
		A83DE5412B0DCEAF005C8E52 /* NewConversationViewController.swift */ = {isa = PBXFileReference; lastKnownFileType = sourcecode.swift; path = NewConversationViewController.swift; sourceTree = "<group>"; };
		A83DE5432B0DCEDA005C8E52 /* ProfileViewController.swift */ = {isa = PBXFileReference; lastKnownFileType = sourcecode.swift; path = ProfileViewController.swift; sourceTree = "<group>"; };
		A83DE5462B0E1A7F005C8E52 /* Extension.swift */ = {isa = PBXFileReference; lastKnownFileType = sourcecode.swift; path = Extension.swift; sourceTree = "<group>"; };
		A83DE5482B0F7190005C8E52 /* GoogleService-Info.plist */ = {isa = PBXFileReference; fileEncoding = 4; lastKnownFileType = text.plist.xml; path = "GoogleService-Info.plist"; sourceTree = "<group>"; };
		A83DE54A2B0F7BD5005C8E52 /* DatabaseManager.swift */ = {isa = PBXFileReference; lastKnownFileType = sourcecode.swift; path = DatabaseManager.swift; sourceTree = "<group>"; };
		A8B178902B1A1C0F006DA2AE /* ConversationTableViewCell.swift */ = {isa = PBXFileReference; lastKnownFileType = sourcecode.swift; path = ConversationTableViewCell.swift; sourceTree = "<group>"; };
		A8B18C112B172C3000899F77 /* ChatViewController.swift */ = {isa = PBXFileReference; lastKnownFileType = sourcecode.swift; path = ChatViewController.swift; sourceTree = "<group>"; };
		A8B18C132B17921100899F77 /* StorageManager.swift */ = {isa = PBXFileReference; lastKnownFileType = sourcecode.swift; path = StorageManager.swift; sourceTree = "<group>"; };
		A8F78A492B21D3750055B01B /* Messenger copy-Info.plist */ = {isa = PBXFileReference; lastKnownFileType = text.plist.xml; name = "Messenger copy-Info.plist"; path = "/Users/arslanraza/Desktop/Messenger/Messenger copy-Info.plist"; sourceTree = "<absolute>"; };
		F8FBE48B5E12138ACED13524 /* Pods_Messenger.framework */ = {isa = PBXFileReference; explicitFileType = wrapper.framework; includeInIndex = 0; path = Pods_Messenger.framework; sourceTree = BUILT_PRODUCTS_DIR; };
/* End PBXFileReference section */

/* Begin PBXFrameworksBuildPhase section */
		A83DE5192B0DCBE1005C8E52 /* Frameworks */ = {
			isa = PBXFrameworksBuildPhase;
			buildActionMask = 2147483647;
			files = (
				EB2F87139FF4FB01EA6B672D /* Pods_Messenger.framework in Frameworks */,
			);
			runOnlyForDeploymentPostprocessing = 0;
		};
/* End PBXFrameworksBuildPhase section */

/* Begin PBXGroup section */
		0B07165CADF78C6216AA8DCA /* Frameworks */ = {
			isa = PBXGroup;
			children = (
				F8FBE48B5E12138ACED13524 /* Pods_Messenger.framework */,
			);
			name = Frameworks;
			sourceTree = "<group>";
		};
		8BEA62CDD4E9B098DC254323 /* Pods */ = {
			isa = PBXGroup;
			children = (
				2E6A2B741186FE3C5EFEDF60 /* Pods-Messenger.debug.xcconfig */,
				3F462E1F5C6D50D26B34849C /* Pods-Messenger.release.xcconfig */,
			);
			path = Pods;
			sourceTree = "<group>";
		};
		A83DE5132B0DCBE1005C8E52 = {
			isa = PBXGroup;
			children = (
				A83DE51E2B0DCBE1005C8E52 /* Messenger */,
				A83DE51D2B0DCBE1005C8E52 /* Products */,
				8BEA62CDD4E9B098DC254323 /* Pods */,
				0B07165CADF78C6216AA8DCA /* Frameworks */,
				A8F78A492B21D3750055B01B /* Messenger copy-Info.plist */,
			);
			sourceTree = "<group>";
		};
		A83DE51D2B0DCBE1005C8E52 /* Products */ = {
			isa = PBXGroup;
			children = (
				A83DE51C2B0DCBE1005C8E52 /* Messenger.app */,
			);
			name = Products;
			sourceTree = "<group>";
		};
		A83DE51E2B0DCBE1005C8E52 /* Messenger */ = {
			isa = PBXGroup;
			children = (
				A83DE5372B0DCCB5005C8E52 /* Controllers */,
				A83DE5362B0DCCAD005C8E52 /* Resources */,
				A83DE5352B0DCCA3005C8E52 /* ViewModels */,
				A83DE5342B0DCC99005C8E52 /* Models */,
				A83DE5332B0DCC92005C8E52 /* Views */,
				A83DE52D2B0DCBE3005C8E52 /* Info.plist */,
				A83DE5482B0F7190005C8E52 /* GoogleService-Info.plist */,
			);
			path = Messenger;
			sourceTree = "<group>";
		};
		A83DE5332B0DCC92005C8E52 /* Views */ = {
			isa = PBXGroup;
			children = (
				A83DE5382B0DCCF7005C8E52 /* Storyboards */,
				A83DE5282B0DCBE3005C8E52 /* Assets.xcassets */,
			);
			path = Views;
			sourceTree = "<group>";
		};
		A83DE5342B0DCC99005C8E52 /* Models */ = {
			isa = PBXGroup;
			children = (
			);
			path = Models;
			sourceTree = "<group>";
		};
		A83DE5352B0DCCA3005C8E52 /* ViewModels */ = {
			isa = PBXGroup;
			children = (
			);
			path = ViewModels;
			sourceTree = "<group>";
		};
		A83DE5362B0DCCAD005C8E52 /* Resources */ = {
			isa = PBXGroup;
			children = (
				A83DE51F2B0DCBE1005C8E52 /* AppDelegate.swift */,
				A83DE5212B0DCBE1005C8E52 /* SceneDelegate.swift */,
				A83DE5462B0E1A7F005C8E52 /* Extension.swift */,
				A83DE54A2B0F7BD5005C8E52 /* DatabaseManager.swift */,
				A8B18C132B17921100899F77 /* StorageManager.swift */,
			);
			path = Resources;
			sourceTree = "<group>";
		};
		A83DE5372B0DCCB5005C8E52 /* Controllers */ = {
			isa = PBXGroup;
			children = (
				A8B1788F2B1A1BE3006DA2AE /* cell */,
				A83DE5452B0DD44C005C8E52 /* Login-register */,
				A83DE5232B0DCBE1005C8E52 /* ConversationViewController.swift */,
				A83DE53D2B0DCE79005C8E52 /* PhotoViewerViewController.swift */,
				A83DE53F2B0DCE87005C8E52 /* VideoPlayerViewController.swift */,
				A83DE5412B0DCEAF005C8E52 /* NewConversationViewController.swift */,
				A83DE5432B0DCEDA005C8E52 /* ProfileViewController.swift */,
				A8B18C112B172C3000899F77 /* ChatViewController.swift */,
			);
			path = Controllers;
			sourceTree = "<group>";
		};
		A83DE5382B0DCCF7005C8E52 /* Storyboards */ = {
			isa = PBXGroup;
			children = (
				A83DE5252B0DCBE1005C8E52 /* Main.storyboard */,
				A83DE52A2B0DCBE3005C8E52 /* LaunchScreen.storyboard */,
			);
			path = Storyboards;
			sourceTree = "<group>";
		};
		A83DE5452B0DD44C005C8E52 /* Login-register */ = {
			isa = PBXGroup;
			children = (
				A83DE5392B0DCE43005C8E52 /* LoginViewController.swift */,
				A83DE53B2B0DCE50005C8E52 /* RegisterViewController.swift */,
			);
			path = "Login-register";
			sourceTree = "<group>";
		};
		A8B1788F2B1A1BE3006DA2AE /* cell */ = {
			isa = PBXGroup;
			children = (
				A8B178902B1A1C0F006DA2AE /* ConversationTableViewCell.swift */,
			);
			path = cell;
			sourceTree = "<group>";
		};
/* End PBXGroup section */

/* Begin PBXNativeTarget section */
		A83DE51B2B0DCBE1005C8E52 /* Messenger */ = {
			isa = PBXNativeTarget;
			buildConfigurationList = A83DE5302B0DCBE3005C8E52 /* Build configuration list for PBXNativeTarget "Messenger" */;
			buildPhases = (
				23CC2ACDF5E2F5C802FBD439 /* [CP] Check Pods Manifest.lock */,
				A83DE5182B0DCBE1005C8E52 /* Sources */,
				A83DE5192B0DCBE1005C8E52 /* Frameworks */,
				A83DE51A2B0DCBE1005C8E52 /* Resources */,
				EF2AACABE4DCA4B3DB1AE93E /* [CP] Embed Pods Frameworks */,
			);
			buildRules = (
			);
			dependencies = (
			);
			name = Messenger;
			productName = Messenger;
			productReference = A83DE51C2B0DCBE1005C8E52 /* Messenger.app */;
			productType = "com.apple.product-type.application";
		};
/* End PBXNativeTarget section */

/* Begin PBXProject section */
		A83DE5142B0DCBE1005C8E52 /* Project object */ = {
			isa = PBXProject;
			attributes = {
				BuildIndependentTargetsInParallel = 1;
				LastSwiftUpdateCheck = 1420;
				LastUpgradeCheck = 1420;
				TargetAttributes = {
					A83DE51B2B0DCBE1005C8E52 = {
						CreatedOnToolsVersion = 14.2;
					};
				};
			};
			buildConfigurationList = A83DE5172B0DCBE1005C8E52 /* Build configuration list for PBXProject "Messenger" */;
			compatibilityVersion = "Xcode 14.0";
			developmentRegion = en;
			hasScannedForEncodings = 0;
			knownRegions = (
				en,
				Base,
			);
			mainGroup = A83DE5132B0DCBE1005C8E52;
			productRefGroup = A83DE51D2B0DCBE1005C8E52 /* Products */;
			projectDirPath = "";
			projectRoot = "";
			targets = (
				A83DE51B2B0DCBE1005C8E52 /* Messenger */,
			);
		};
/* End PBXProject section */

/* Begin PBXResourcesBuildPhase section */
		A83DE51A2B0DCBE1005C8E52 /* Resources */ = {
			isa = PBXResourcesBuildPhase;
			buildActionMask = 2147483647;
			files = (
				A83DE52C2B0DCBE3005C8E52 /* LaunchScreen.storyboard in Resources */,
				A83DE5492B0F7190005C8E52 /* GoogleService-Info.plist in Resources */,
				A83DE5292B0DCBE3005C8E52 /* Assets.xcassets in Resources */,
				A83DE5272B0DCBE1005C8E52 /* Main.storyboard in Resources */,
			);
			runOnlyForDeploymentPostprocessing = 0;
		};
/* End PBXResourcesBuildPhase section */

/* Begin PBXShellScriptBuildPhase section */
		23CC2ACDF5E2F5C802FBD439 /* [CP] Check Pods Manifest.lock */ = {
			isa = PBXShellScriptBuildPhase;
			buildActionMask = 2147483647;
			files = (
			);
			inputFileListPaths = (
			);
			inputPaths = (
				"${PODS_PODFILE_DIR_PATH}/Podfile.lock",
				"${PODS_ROOT}/Manifest.lock",
			);
			name = "[CP] Check Pods Manifest.lock";
			outputFileListPaths = (
			);
			outputPaths = (
				"$(DERIVED_FILE_DIR)/Pods-Messenger-checkManifestLockResult.txt",
			);
			runOnlyForDeploymentPostprocessing = 0;
			shellPath = /bin/sh;
			shellScript = "diff \"${PODS_PODFILE_DIR_PATH}/Podfile.lock\" \"${PODS_ROOT}/Manifest.lock\" > /dev/null\nif [ $? != 0 ] ; then\n    # print error to STDERR\n    echo \"error: The sandbox is not in sync with the Podfile.lock. Run 'pod install' or update your CocoaPods installation.\" >&2\n    exit 1\nfi\n# This output is used by Xcode 'outputs' to avoid re-running this script phase.\necho \"SUCCESS\" > \"${SCRIPT_OUTPUT_FILE_0}\"\n";
			showEnvVarsInLog = 0;
		};
		EF2AACABE4DCA4B3DB1AE93E /* [CP] Embed Pods Frameworks */ = {
			isa = PBXShellScriptBuildPhase;
			buildActionMask = 2147483647;
			files = (
			);
			inputFileListPaths = (
				"${PODS_ROOT}/Target Support Files/Pods-Messenger/Pods-Messenger-frameworks-${CONFIGURATION}-input-files.xcfilelist",
			);
			name = "[CP] Embed Pods Frameworks";
			outputFileListPaths = (
				"${PODS_ROOT}/Target Support Files/Pods-Messenger/Pods-Messenger-frameworks-${CONFIGURATION}-output-files.xcfilelist",
			);
			runOnlyForDeploymentPostprocessing = 0;
			shellPath = /bin/sh;
			shellScript = "\"${PODS_ROOT}/Target Support Files/Pods-Messenger/Pods-Messenger-frameworks.sh\"\n";
			showEnvVarsInLog = 0;
		};
/* End PBXShellScriptBuildPhase section */

/* Begin PBXSourcesBuildPhase section */
		A83DE5182B0DCBE1005C8E52 /* Sources */ = {
			isa = PBXSourcesBuildPhase;
			buildActionMask = 2147483647;
			files = (
				A83DE53A2B0DCE43005C8E52 /* LoginViewController.swift in Sources */,
				A83DE54B2B0F7BD5005C8E52 /* DatabaseManager.swift in Sources */,
				A83DE53C2B0DCE50005C8E52 /* RegisterViewController.swift in Sources */,
				A83DE5422B0DCEAF005C8E52 /* NewConversationViewController.swift in Sources */,
				A83DE5242B0DCBE1005C8E52 /* ConversationViewController.swift in Sources */,
				A83DE5402B0DCE87005C8E52 /* VideoPlayerViewController.swift in Sources */,
				A83DE5472B0E1A7F005C8E52 /* Extension.swift in Sources */,
				A83DE5202B0DCBE1005C8E52 /* AppDelegate.swift in Sources */,
				A83DE5442B0DCEDA005C8E52 /* ProfileViewController.swift in Sources */,
				A83DE5222B0DCBE1005C8E52 /* SceneDelegate.swift in Sources */,
				A8B178912B1A1C0F006DA2AE /* ConversationTableViewCell.swift in Sources */,
				A8B18C122B172C3000899F77 /* ChatViewController.swift in Sources */,
				A83DE53E2B0DCE79005C8E52 /* PhotoViewerViewController.swift in Sources */,
				A8B18C142B17921100899F77 /* StorageManager.swift in Sources */,
			);
			runOnlyForDeploymentPostprocessing = 0;
		};
/* End PBXSourcesBuildPhase section */

/* Begin PBXVariantGroup section */
		A83DE5252B0DCBE1005C8E52 /* Main.storyboard */ = {
			isa = PBXVariantGroup;
			children = (
				A83DE5262B0DCBE1005C8E52 /* Base */,
			);
			name = Main.storyboard;
			sourceTree = "<group>";
		};
		A83DE52A2B0DCBE3005C8E52 /* LaunchScreen.storyboard */ = {
			isa = PBXVariantGroup;
			children = (
				A83DE52B2B0DCBE3005C8E52 /* Base */,
			);
			name = LaunchScreen.storyboard;
			sourceTree = "<group>";
		};
/* End PBXVariantGroup section */

/* Begin XCBuildConfiguration section */
		A83DE52E2B0DCBE3005C8E52 /* Debug */ = {
			isa = XCBuildConfiguration;
			buildSettings = {
				ALWAYS_SEARCH_USER_PATHS = NO;
				CLANG_ANALYZER_NONNULL = YES;
				CLANG_ANALYZER_NUMBER_OBJECT_CONVERSION = YES_AGGRESSIVE;
				CLANG_CXX_LANGUAGE_STANDARD = "gnu++20";
				CLANG_ENABLE_MODULES = YES;
				CLANG_ENABLE_OBJC_ARC = YES;
				CLANG_ENABLE_OBJC_WEAK = YES;
				CLANG_WARN_BLOCK_CAPTURE_AUTORELEASING = YES;
				CLANG_WARN_BOOL_CONVERSION = YES;
				CLANG_WARN_COMMA = YES;
				CLANG_WARN_CONSTANT_CONVERSION = YES;
				CLANG_WARN_DEPRECATED_OBJC_IMPLEMENTATIONS = YES;
				CLANG_WARN_DIRECT_OBJC_ISA_USAGE = YES_ERROR;
				CLANG_WARN_DOCUMENTATION_COMMENTS = YES;
				CLANG_WARN_EMPTY_BODY = YES;
				CLANG_WARN_ENUM_CONVERSION = YES;
				CLANG_WARN_INFINITE_RECURSION = YES;
				CLANG_WARN_INT_CONVERSION = YES;
				CLANG_WARN_NON_LITERAL_NULL_CONVERSION = YES;
				CLANG_WARN_OBJC_IMPLICIT_RETAIN_SELF = YES;
				CLANG_WARN_OBJC_LITERAL_CONVERSION = YES;
				CLANG_WARN_OBJC_ROOT_CLASS = YES_ERROR;
				CLANG_WARN_QUOTED_INCLUDE_IN_FRAMEWORK_HEADER = YES;
				CLANG_WARN_RANGE_LOOP_ANALYSIS = YES;
				CLANG_WARN_STRICT_PROTOTYPES = YES;
				CLANG_WARN_SUSPICIOUS_MOVE = YES;
				CLANG_WARN_UNGUARDED_AVAILABILITY = YES_AGGRESSIVE;
				CLANG_WARN_UNREACHABLE_CODE = YES;
				CLANG_WARN__DUPLICATE_METHOD_MATCH = YES;
				COPY_PHASE_STRIP = NO;
				DEBUG_INFORMATION_FORMAT = dwarf;
				ENABLE_STRICT_OBJC_MSGSEND = YES;
				ENABLE_TESTABILITY = YES;
				GCC_C_LANGUAGE_STANDARD = gnu11;
				GCC_DYNAMIC_NO_PIC = NO;
				GCC_NO_COMMON_BLOCKS = YES;
				GCC_OPTIMIZATION_LEVEL = 0;
				GCC_PREPROCESSOR_DEFINITIONS = (
					"DEBUG=1",
					"$(inherited)",
				);
				GCC_WARN_64_TO_32_BIT_CONVERSION = YES;
				GCC_WARN_ABOUT_RETURN_TYPE = YES_ERROR;
				GCC_WARN_UNDECLARED_SELECTOR = YES;
				GCC_WARN_UNINITIALIZED_AUTOS = YES_AGGRESSIVE;
				GCC_WARN_UNUSED_FUNCTION = YES;
				GCC_WARN_UNUSED_VARIABLE = YES;
				IPHONEOS_DEPLOYMENT_TARGET = 16.2;
				MTL_ENABLE_DEBUG_INFO = INCLUDE_SOURCE;
				MTL_FAST_MATH = YES;
				ONLY_ACTIVE_ARCH = YES;
				SDKROOT = iphoneos;
				SWIFT_ACTIVE_COMPILATION_CONDITIONS = DEBUG;
				SWIFT_OPTIMIZATION_LEVEL = "-Onone";
			};
			name = Debug;
		};
		A83DE52F2B0DCBE3005C8E52 /* Release */ = {
			isa = XCBuildConfiguration;
			buildSettings = {
				ALWAYS_SEARCH_USER_PATHS = NO;
				CLANG_ANALYZER_NONNULL = YES;
				CLANG_ANALYZER_NUMBER_OBJECT_CONVERSION = YES_AGGRESSIVE;
				CLANG_CXX_LANGUAGE_STANDARD = "gnu++20";
				CLANG_ENABLE_MODULES = YES;
				CLANG_ENABLE_OBJC_ARC = YES;
				CLANG_ENABLE_OBJC_WEAK = YES;
				CLANG_WARN_BLOCK_CAPTURE_AUTORELEASING = YES;
				CLANG_WARN_BOOL_CONVERSION = YES;
				CLANG_WARN_COMMA = YES;
				CLANG_WARN_CONSTANT_CONVERSION = YES;
				CLANG_WARN_DEPRECATED_OBJC_IMPLEMENTATIONS = YES;
				CLANG_WARN_DIRECT_OBJC_ISA_USAGE = YES_ERROR;
				CLANG_WARN_DOCUMENTATION_COMMENTS = YES;
				CLANG_WARN_EMPTY_BODY = YES;
				CLANG_WARN_ENUM_CONVERSION = YES;
				CLANG_WARN_INFINITE_RECURSION = YES;
				CLANG_WARN_INT_CONVERSION = YES;
				CLANG_WARN_NON_LITERAL_NULL_CONVERSION = YES;
				CLANG_WARN_OBJC_IMPLICIT_RETAIN_SELF = YES;
				CLANG_WARN_OBJC_LITERAL_CONVERSION = YES;
				CLANG_WARN_OBJC_ROOT_CLASS = YES_ERROR;
				CLANG_WARN_QUOTED_INCLUDE_IN_FRAMEWORK_HEADER = YES;
				CLANG_WARN_RANGE_LOOP_ANALYSIS = YES;
				CLANG_WARN_STRICT_PROTOTYPES = YES;
				CLANG_WARN_SUSPICIOUS_MOVE = YES;
				CLANG_WARN_UNGUARDED_AVAILABILITY = YES_AGGRESSIVE;
				CLANG_WARN_UNREACHABLE_CODE = YES;
				CLANG_WARN__DUPLICATE_METHOD_MATCH = YES;
				COPY_PHASE_STRIP = NO;
				DEBUG_INFORMATION_FORMAT = "dwarf-with-dsym";
				ENABLE_NS_ASSERTIONS = NO;
				ENABLE_STRICT_OBJC_MSGSEND = YES;
				GCC_C_LANGUAGE_STANDARD = gnu11;
				GCC_NO_COMMON_BLOCKS = YES;
				GCC_WARN_64_TO_32_BIT_CONVERSION = YES;
				GCC_WARN_ABOUT_RETURN_TYPE = YES_ERROR;
				GCC_WARN_UNDECLARED_SELECTOR = YES;
				GCC_WARN_UNINITIALIZED_AUTOS = YES_AGGRESSIVE;
				GCC_WARN_UNUSED_FUNCTION = YES;
				GCC_WARN_UNUSED_VARIABLE = YES;
				IPHONEOS_DEPLOYMENT_TARGET = 16.2;
				MTL_ENABLE_DEBUG_INFO = NO;
				MTL_FAST_MATH = YES;
				SDKROOT = iphoneos;
				SWIFT_COMPILATION_MODE = wholemodule;
				SWIFT_OPTIMIZATION_LEVEL = "-O";
				VALIDATE_PRODUCT = YES;
			};
			name = Release;
		};
		A83DE5312B0DCBE3005C8E52 /* Debug */ = {
			isa = XCBuildConfiguration;
			baseConfigurationReference = 2E6A2B741186FE3C5EFEDF60 /* Pods-Messenger.debug.xcconfig */;
			buildSettings = {
				ASSETCATALOG_COMPILER_APPICON_NAME = AppIcon;
				ASSETCATALOG_COMPILER_GLOBAL_ACCENT_COLOR_NAME = AccentColor;
				CODE_SIGN_STYLE = Automatic;
				CURRENT_PROJECT_VERSION = 1;
				DEVELOPMENT_TEAM = J6S5H7F45W;
				GENERATE_INFOPLIST_FILE = YES;
				INFOPLIST_FILE = Messenger/Info.plist;
				INFOPLIST_KEY_NSCameraUsageDescription = "Need permission for camera to make profile image.";
				INFOPLIST_KEY_NSPhotoLibraryUsageDescription = "Need permission for phphoto libaray to take profile image.";
				INFOPLIST_KEY_UIApplicationSupportsIndirectInputEvents = YES;
				INFOPLIST_KEY_UILaunchStoryboardName = LaunchScreen;
				INFOPLIST_KEY_UIMainStoryboardFile = Main;
				INFOPLIST_KEY_UISupportedInterfaceOrientations = UIInterfaceOrientationPortrait;
				LD_RUNPATH_SEARCH_PATHS = (
					"$(inherited)",
					"@executable_path/Frameworks",
				);
				MARKETING_VERSION = 1.0;
				PRODUCT_BUNDLE_IDENTIFIER = schemes.com.Messenger;
				PRODUCT_NAME = "$(TARGET_NAME)";
				SWIFT_EMIT_LOC_STRINGS = YES;
				SWIFT_VERSION = 5.0;
				TARGETED_DEVICE_FAMILY = "1,2";
			};
			name = Debug;
		};
		A83DE5322B0DCBE3005C8E52 /* Release */ = {
			isa = XCBuildConfiguration;
			baseConfigurationReference = 3F462E1F5C6D50D26B34849C /* Pods-Messenger.release.xcconfig */;
			buildSettings = {
				ASSETCATALOG_COMPILER_APPICON_NAME = AppIcon;
				ASSETCATALOG_COMPILER_GLOBAL_ACCENT_COLOR_NAME = AccentColor;
				CODE_SIGN_STYLE = Automatic;
				CURRENT_PROJECT_VERSION = 1;
				DEVELOPMENT_TEAM = J6S5H7F45W;
				GENERATE_INFOPLIST_FILE = YES;
				INFOPLIST_FILE = Messenger/Info.plist;
				INFOPLIST_KEY_NSCameraUsageDescription = "Need permission for camera to make profile image.";
				INFOPLIST_KEY_NSPhotoLibraryUsageDescription = "Need permission for phphoto libaray to take profile image.";
				INFOPLIST_KEY_UIApplicationSupportsIndirectInputEvents = YES;
				INFOPLIST_KEY_UILaunchStoryboardName = LaunchScreen;
				INFOPLIST_KEY_UIMainStoryboardFile = Main;
				INFOPLIST_KEY_UISupportedInterfaceOrientations = UIInterfaceOrientationPortrait;
				LD_RUNPATH_SEARCH_PATHS = (
					"$(inherited)",
					"@executable_path/Frameworks",
				);
				MARKETING_VERSION = 1.0;
				PRODUCT_BUNDLE_IDENTIFIER = schemes.com.Messenger;
				PRODUCT_NAME = "$(TARGET_NAME)";
				SWIFT_EMIT_LOC_STRINGS = YES;
				SWIFT_VERSION = 5.0;
				TARGETED_DEVICE_FAMILY = "1,2";
			};
			name = Release;
		};
/* End XCBuildConfiguration section */

/* Begin XCConfigurationList section */
		A83DE5172B0DCBE1005C8E52 /* Build configuration list for PBXProject "Messenger" */ = {
			isa = XCConfigurationList;
			buildConfigurations = (
				A83DE52E2B0DCBE3005C8E52 /* Debug */,
				A83DE52F2B0DCBE3005C8E52 /* Release */,
			);
			defaultConfigurationIsVisible = 0;
			defaultConfigurationName = Release;
		};
		A83DE5302B0DCBE3005C8E52 /* Build configuration list for PBXNativeTarget "Messenger" */ = {
			isa = XCConfigurationList;
			buildConfigurations = (
				A83DE5312B0DCBE3005C8E52 /* Debug */,
				A83DE5322B0DCBE3005C8E52 /* Release */,
			);
			defaultConfigurationIsVisible = 0;
			defaultConfigurationName = Release;
		};
/* End XCConfigurationList section */
	};
	rootObject = A83DE5142B0DCBE1005C8E52 /* Project object */;
}
